{
  "name": "campfire",
  "version": "0.0.1",
  "lockfileVersion": 1,
  "requires": true,
  "dependencies": {
    "@angular/cdk": {
      "version": "13.3.4",
      "resolved": "https://registry.npmjs.org/@angular/cdk/-/cdk-13.3.4.tgz",
      "integrity": "sha512-im4LKxJaIuqFVzmtf650PoiYsn/SZlvBV2zEgzusK8HwQ24C1Lya7NQSApwl8k43h4eKO1OvUKBjqL5uDgEQag==",
      "requires": {
        "parse5": "^5.0.0",
        "tslib": "^2.3.0"
      }
    },
    "@fortawesome/angular-fontawesome": {
      "version": "0.10.2",
      "resolved": "https://npm.fontawesome.com/@fortawesome/angular-fontawesome/-/0.10.2/angular-fontawesome-0.10.2.tgz",
      "integrity": "sha512-VxsCAo2lK74KwD236AKAhGpiethfz9yqCViIG2iRAZqgNmuZ6ihwumjbLW32n6hV4fFvCqLcHmpngoEl3TNiOg==",
      "requires": {
        "tslib": "^2.3.1"
      }
    },
    "@fortawesome/fontawesome-common-types": {
      "version": "6.1.1",
      "resolved": "https://npm.fontawesome.com/@fortawesome/fontawesome-common-types/-/6.1.1/fontawesome-common-types-6.1.1.tgz",
      "integrity": "sha512-wVn5WJPirFTnzN6tR95abCx+ocH+3IFLXAgyavnf9hUmN0CfWoDjPT/BAWsUVwSlYYVBeCLJxaqi7ZGe4uSjBA=="
    },
    "@fortawesome/fontawesome-pro": {
      "version": "6.1.1",
      "resolved": "https://npm.fontawesome.com/@fortawesome/fontawesome-pro/-/6.1.1/fontawesome-pro-6.1.1.tgz",
      "integrity": "sha512-0w6GM8sCXNpcBLUz4bx61JvjjoCvfEIz5wBz2KjLNw9qk1F2XiUWuifXobvLbwaA7kqPGBRPo3U8Zw7zyaJ9sA=="
    },
    "@fortawesome/fontawesome-svg-core": {
      "version": "6.1.1",
      "resolved": "https://npm.fontawesome.com/@fortawesome/fontawesome-svg-core/-/6.1.1/fontawesome-svg-core-6.1.1.tgz",
      "integrity": "sha512-NCg0w2YIp81f4V6cMGD9iomfsIj7GWrqmsa0ZsPh59G7PKiGN1KymZNxmF00ssuAlo/VZmpK6xazsGOwzKYUMg==",
      "requires": {
        "@fortawesome/fontawesome-common-types": "6.1.1"
      }
    },
    "@fortawesome/free-solid-svg-icons": {
      "version": "6.1.1",
      "resolved": "https://npm.fontawesome.com/@fortawesome/free-solid-svg-icons/-/6.1.1/free-solid-svg-icons-6.1.1.tgz",
      "integrity": "sha512-0/5exxavOhI/D4Ovm2r3vxNojGZioPwmFrKg0ZUH69Q68uFhFPs6+dhAToh6VEQBntxPRYPuT5Cg1tpNa9JUPg==",
      "requires": {
        "@fortawesome/fontawesome-common-types": "6.1.1"
      }
    },
    "@fortawesome/pro-light-svg-icons": {
      "version": "6.1.1",
      "resolved": "https://npm.fontawesome.com/@fortawesome/pro-light-svg-icons/-/6.1.1/pro-light-svg-icons-6.1.1.tgz",
      "integrity": "sha512-PSo6AdC4NK+kO5Q0xmD6oALJRhfVSp6doaIso6/LS6UDrpzZI7NBvBMZnIir/sJcTwjO52z00TGybijlVkP5Ow==",
      "requires": {
        "@fortawesome/fontawesome-common-types": "6.1.1"
      }
    },
    "@fortawesome/pro-regular-svg-icons": {
      "version": "6.1.1",
      "resolved": "https://npm.fontawesome.com/@fortawesome/pro-regular-svg-icons/-/6.1.1/pro-regular-svg-icons-6.1.1.tgz",
      "integrity": "sha512-8kKFn8eA1sLtc5zu6Z/LvWZPNpS8CRL8c8JuXAG3HwIwZB7L27b8l6BJC5jC3zRwJw7TXk1wi1CKTsLxmtHcgw==",
      "requires": {
        "@fortawesome/fontawesome-common-types": "6.1.1"
      }
    },
    "@fortawesome/pro-solid-svg-icons": {
      "version": "6.1.1",
      "resolved": "https://npm.fontawesome.com/@fortawesome/pro-solid-svg-icons/-/6.1.1/pro-solid-svg-icons-6.1.1.tgz",
      "integrity": "sha512-BF1vuvQlFNRy38EZAxaXuReQ73z9VrXaRmVy+MFnLFpHZa5yH3M68iZHl04/5uThUPbrXG7VsIRoICc5HjD0Iw==",
      "requires": {
        "@fortawesome/fontawesome-common-types": "6.1.1"
      }
    },
    "parse5": {
      "version": "5.1.1",
      "resolved": "https://registry.npmjs.org/parse5/-/parse5-5.1.1.tgz",
      "integrity": "sha512-ugq4DFI0Ptb+WWjAdOK16+u/nHfiIrcE+sh8kZMaM0WllQKLI9rOUq6c2b7cwPkXdzfQESqvoqK6ug7U/Yyzug==",
      "optional": true
    },
    "tslib": {
      "version": "2.3.1",
      "resolved": "https://registry.npmjs.org/tslib/-/tslib-2.3.1.tgz",
      "integrity": "sha512-77EbyPPpMz+FRFRuAFlWMtmgUWGe9UOG2Z25NqCwiIjRhOf5iKGuzSe5P2w1laq+FkRy4p+PCuVkJSGkzTEKVw=="
    }
  }
}
